{
    "requires": true,
    "lockfileVersion": 1,
    "dependencies": {
        "intl-tel-input": {
            "version": "16.0.2",
            "resolved": "https://registry.npmjs.org/intl-tel-input/-/intl-tel-input-16.0.2.tgz",
            "integrity": "sha512-HKElXcK7ksfuzLz0ZFt6E2DjB0MJ3xKazHDLN4I8zglKuXN762WLx9T21ZGDKRxLrlhPgiSxw7nS83vpG+WH7Q=="
        }
    }
}
